{
  "version": 4,
  "terraform_version": "1.4.6",
  "serial": 354,
  "lineage": "257fb129-974d-26cf-d69b-4a35a1cc18ae",
  "outputs": {},
  "resources": [
    {
      "mode": "data",
      "type": "google_compute_image",
      "name": "ubuntu1804",
      "provider": "provider[\"registry.terraform.io/hashicorp/google\"]",
      "instances": [
        {
          "schema_version": 0,
          "attributes": {
            "archive_size_bytes": 2837175936,
            "creation_timestamp": "2023-06-05T03:36:36.178-07:00",
            "description": "Canonical, Ubuntu, 18.04 LTS, amd64 bionic image built on 2023-06-05, supports Shielded VM features",
            "disk_size_gb": 10,
            "family": "ubuntu-1804-lts",
            "filter": null,
            "id": "projects/ubuntu-os-cloud/global/images/ubuntu-1804-bionic-v20230605",
            "image_encryption_key_sha256": "",
            "image_id": "1728871712987022429",
            "label_fingerprint": "42WmSpB8rSM=",
            "labels": {},
            "licenses": [
              "https://www.googleapis.com/compute/v1/projects/ubuntu-os-cloud/global/licenses/ubuntu-1804-lts"
            ],
            "name": "ubuntu-1804-bionic-v20230605",
            "project": "ubuntu-os-cloud",
            "self_link": "https://www.googleapis.com/compute/v1/projects/ubuntu-os-cloud/global/images/ubuntu-1804-bionic-v20230605",
            "source_disk": "",
            "source_disk_encryption_key_sha256": "",
            "source_disk_id": "",
            "source_image_id": "",
            "status": "READY"
          },
          "sensitive_attributes": []
        }
      ]
    },
    {
      "mode": "managed",
      "type": "google_compute_address",
      "name": "nat",
      "provider": "provider[\"registry.terraform.io/hashicorp/google\"]",
      "instances": [
        {
          "schema_version": 0,
          "attributes": {
            "address": "104.196.211.228",
            "address_type": "EXTERNAL",
            "creation_timestamp": "2023-06-11T18:42:41.903-07:00",
            "description": "",
            "id": "projects/iti-gcp-hossam/regions/us-east1/addresses/nat",
            "name": "nat",
            "network": "",
            "network_tier": "PREMIUM",
            "prefix_length": 0,
            "project": "iti-gcp-hossam",
            "purpose": "",
            "region": "us-east1",
            "self_link": "https://www.googleapis.com/compute/v1/projects/iti-gcp-hossam/regions/us-east1/addresses/nat",
            "subnetwork": "",
            "timeouts": null,
            "users": []
          },
          "sensitive_attributes": [],
          "private": "eyJlMmJmYjczMC1lY2FhLTExZTYtOGY4OC0zNDM2M2JjN2M0YzAiOnsiY3JlYXRlIjoxMjAwMDAwMDAwMDAwLCJkZWxldGUiOjEyMDAwMDAwMDAwMDB9fQ==",
          "dependencies": [
            "google_project_service.compute"
          ]
        }
      ]
    },
    {
      "mode": "managed",
      "type": "google_compute_firewall",
      "name": "http-rule",
      "provider": "provider[\"registry.terraform.io/hashicorp/google\"]",
      "instances": [
        {
          "schema_version": 1,
          "attributes": {
            "allow": [
              {
                "ports": [
                  "80"
                ],
                "protocol": "tcp"
              }
            ],
            "creation_timestamp": "2023-06-11T18:43:05.129-07:00",
            "deny": [],
            "description": "",
            "destination_ranges": [],
            "direction": "INGRESS",
            "disabled": false,
            "enable_logging": null,
            "id": "projects/iti-gcp-hossam/global/firewalls/http-rule",
            "log_config": [],
            "name": "http-rule",
            "network": "https://www.googleapis.com/compute/v1/projects/iti-gcp-hossam/global/networks/iti-vpc",
            "priority": 1000,
            "project": "iti-gcp-hossam",
            "self_link": "https://www.googleapis.com/compute/v1/projects/iti-gcp-hossam/global/firewalls/http-rule",
            "source_ranges": [
              "0.0.0.0/0"
            ],
            "source_service_accounts": [],
            "source_tags": [],
            "target_service_accounts": [],
            "target_tags": [],
            "timeouts": null
          },
          "sensitive_attributes": [],
          "private": "eyJlMmJmYjczMC1lY2FhLTExZTYtOGY4OC0zNDM2M2JjN2M0YzAiOnsiY3JlYXRlIjoxMjAwMDAwMDAwMDAwLCJkZWxldGUiOjEyMDAwMDAwMDAwMDAsInVwZGF0ZSI6MTIwMDAwMDAwMDAwMH0sInNjaGVtYV92ZXJzaW9uIjoiMSJ9",
          "dependencies": [
            "google_compute_network.iti-vpc",
            "google_project_service.compute",
            "google_project_service.container"
          ]
        }
      ]
    },
    {
      "mode": "managed",
      "type": "google_compute_firewall",
      "name": "ssh-rule",
      "provider": "provider[\"registry.terraform.io/hashicorp/google\"]",
      "instances": [
        {
          "schema_version": 1,
          "attributes": {
            "allow": [
              {
                "ports": [
                  "22"
                ],
                "protocol": "tcp"
              }
            ],
            "creation_timestamp": "2023-06-11T18:43:04.678-07:00",
            "deny": [],
            "description": "",
            "destination_ranges": [],
            "direction": "INGRESS",
            "disabled": false,
            "enable_logging": null,
            "id": "projects/iti-gcp-hossam/global/firewalls/ssh-rule",
            "log_config": [],
            "name": "ssh-rule",
            "network": "https://www.googleapis.com/compute/v1/projects/iti-gcp-hossam/global/networks/iti-vpc",
            "priority": 1000,
            "project": "iti-gcp-hossam",
            "self_link": "https://www.googleapis.com/compute/v1/projects/iti-gcp-hossam/global/firewalls/ssh-rule",
            "source_ranges": [
              "0.0.0.0/0"
            ],
            "source_service_accounts": [],
            "source_tags": [],
            "target_service_accounts": [],
            "target_tags": [],
            "timeouts": null
          },
          "sensitive_attributes": [],
          "private": "eyJlMmJmYjczMC1lY2FhLTExZTYtOGY4OC0zNDM2M2JjN2M0YzAiOnsiY3JlYXRlIjoxMjAwMDAwMDAwMDAwLCJkZWxldGUiOjEyMDAwMDAwMDAwMDAsInVwZGF0ZSI6MTIwMDAwMDAwMDAwMH0sInNjaGVtYV92ZXJzaW9uIjoiMSJ9",
          "dependencies": [
            "google_compute_network.iti-vpc",
            "google_project_service.compute",
            "google_project_service.container"
          ]
        }
      ]
    },
    {
      "mode": "managed",
      "type": "google_compute_instance",
      "name": "private-vm",
      "provider": "provider[\"registry.terraform.io/hashicorp/google\"]",
      "instances": [
        {
          "schema_version": 6,
          "attributes": {
            "advanced_machine_features": [],
            "allow_stopping_for_update": null,
            "attached_disk": [],
            "boot_disk": [
              {
                "auto_delete": true,
                "device_name": "persistent-disk-0",
                "disk_encryption_key_raw": "",
                "disk_encryption_key_sha256": "",
                "initialize_params": [
                  {
                    "image": "https://www.googleapis.com/compute/v1/projects/ubuntu-os-cloud/global/images/ubuntu-1804-bionic-v20230605",
                    "labels": {
                      "name": "private-vm"
                    },
                    "size": 10,
                    "type": "pd-standard"
                  }
                ],
                "kms_key_self_link": "",
                "mode": "READ_WRITE",
                "source": "https://www.googleapis.com/compute/v1/projects/iti-gcp-hossam/zones/us-east1-b/disks/private-vm"
              }
            ],
            "can_ip_forward": false,
            "confidential_instance_config": [],
            "cpu_platform": "Unknown CPU Platform",
            "current_status": "TERMINATED",
            "deletion_protection": false,
            "description": "",
            "desired_status": null,
            "enable_display": false,
            "guest_accelerator": [],
            "hostname": "",
            "id": "projects/iti-gcp-hossam/zones/us-east1-b/instances/private-vm",
            "instance_id": "1359338254451328730",
            "label_fingerprint": "42WmSpB8rSM=",
            "labels": {},
            "machine_type": "e2-small",
            "metadata": {
              "startup-script": "#!/bin/bash\nmkdir /home/hossam_mohammed_shawky/deployments\n"
            },
            "metadata_fingerprint": "hVPxx5odDII=",
            "metadata_startup_script": null,
            "min_cpu_platform": "",
            "name": "private-vm",
            "network_interface": [
              {
                "access_config": [],
                "alias_ip_range": [],
                "ipv6_access_config": [],
                "ipv6_access_type": "",
                "name": "nic0",
                "network": "https://www.googleapis.com/compute/v1/projects/iti-gcp-hossam/global/networks/iti-vpc",
                "network_ip": "10.1.0.2",
                "nic_type": "",
                "queue_count": 0,
                "stack_type": "IPV4_ONLY",
                "subnetwork": "https://www.googleapis.com/compute/v1/projects/iti-gcp-hossam/regions/us-east1/subnetworks/iti-subnet",
                "subnetwork_project": "iti-gcp-hossam"
              }
            ],
            "network_performance_config": [],
            "project": "iti-gcp-hossam",
            "reservation_affinity": [],
            "resource_policies": [],
            "scheduling": [
              {
                "automatic_restart": true,
                "instance_termination_action": "",
                "min_node_cpus": 0,
                "node_affinities": [],
                "on_host_maintenance": "MIGRATE",
                "preemptible": false,
                "provisioning_model": "STANDARD"
              }
            ],
            "scratch_disk": [],
            "self_link": "https://www.googleapis.com/compute/v1/projects/iti-gcp-hossam/zones/us-east1-b/instances/private-vm",
            "service_account": [],
            "shielded_instance_config": [
              {
                "enable_integrity_monitoring": true,
                "enable_secure_boot": false,
                "enable_vtpm": true
              }
            ],
            "tags": [],
            "tags_fingerprint": "42WmSpB8rSM=",
            "timeouts": null,
            "zone": "us-east1-b"
          },
          "sensitive_attributes": [],
          "private": "eyJlMmJmYjczMC1lY2FhLTExZTYtOGY4OC0zNDM2M2JjN2M0YzAiOnsiY3JlYXRlIjoxMjAwMDAwMDAwMDAwLCJkZWxldGUiOjEyMDAwMDAwMDAwMDAsInVwZGF0ZSI6MTIwMDAwMDAwMDAwMH0sInNjaGVtYV92ZXJzaW9uIjoiNiJ9",
          "dependencies": [
            "data.google_compute_image.ubuntu1804",
            "google_compute_network.iti-vpc",
            "google_compute_subnetwork.iti-subnet"
          ]
        }
      ]
    },
    {
      "mode": "managed",
      "type": "google_compute_network",
      "name": "iti-vpc",
      "provider": "provider[\"registry.terraform.io/hashicorp/google\"]",
      "instances": [
        {
          "schema_version": 0,
          "attributes": {
            "auto_create_subnetworks": false,
            "delete_default_routes_on_create": false,
            "description": "",
            "enable_ula_internal_ipv6": false,
            "gateway_ipv4": "",
            "id": "projects/iti-gcp-hossam/global/networks/iti-vpc",
            "internal_ipv6_range": "",
            "mtu": 1460,
            "name": "iti-vpc",
            "network_firewall_policy_enforcement_order": "AFTER_CLASSIC_FIREWALL",
            "project": "iti-gcp-hossam",
            "routing_mode": "REGIONAL",
            "self_link": "https://www.googleapis.com/compute/v1/projects/iti-gcp-hossam/global/networks/iti-vpc",
            "timeouts": null
          },
          "sensitive_attributes": [],
          "private": "eyJlMmJmYjczMC1lY2FhLTExZTYtOGY4OC0zNDM2M2JjN2M0YzAiOnsiY3JlYXRlIjoxMjAwMDAwMDAwMDAwLCJkZWxldGUiOjEyMDAwMDAwMDAwMDAsInVwZGF0ZSI6MTIwMDAwMDAwMDAwMH19",
          "dependencies": [
            "google_project_service.compute",
            "google_project_service.container"
          ]
        }
      ]
    },
    {
      "mode": "managed",
      "type": "google_compute_router",
      "name": "iti-router",
      "provider": "provider[\"registry.terraform.io/hashicorp/google\"]",
      "instances": [
        {
          "schema_version": 0,
          "attributes": {
            "bgp": [],
            "creation_timestamp": "2023-06-11T18:43:04.670-07:00",
            "description": "",
            "encrypted_interconnect_router": false,
            "id": "projects/iti-gcp-hossam/regions/us-east1/routers/iti-router",
            "name": "iti-router",
            "network": "https://www.googleapis.com/compute/v1/projects/iti-gcp-hossam/global/networks/iti-vpc",
            "project": "iti-gcp-hossam",
            "region": "us-east1",
            "self_link": "https://www.googleapis.com/compute/v1/projects/iti-gcp-hossam/regions/us-east1/routers/iti-router",
            "timeouts": null
          },
          "sensitive_attributes": [],
          "private": "eyJlMmJmYjczMC1lY2FhLTExZTYtOGY4OC0zNDM2M2JjN2M0YzAiOnsiY3JlYXRlIjoxMjAwMDAwMDAwMDAwLCJkZWxldGUiOjEyMDAwMDAwMDAwMDAsInVwZGF0ZSI6MTIwMDAwMDAwMDAwMH19",
          "dependencies": [
            "google_compute_network.iti-vpc",
            "google_project_service.compute",
            "google_project_service.container"
          ]
        }
      ]
    },
    {
      "mode": "managed",
      "type": "google_compute_router_nat",
      "name": "iti-nat",
      "provider": "provider[\"registry.terraform.io/hashicorp/google\"]",
      "instances": [
        {
          "schema_version": 0,
          "attributes": {
            "drain_nat_ips": [],
            "enable_dynamic_port_allocation": false,
            "enable_endpoint_independent_mapping": true,
            "icmp_idle_timeout_sec": 30,
            "id": "iti-gcp-hossam/us-east1/iti-router/iti-nat",
            "log_config": [],
            "max_ports_per_vm": 0,
            "min_ports_per_vm": 0,
            "name": "iti-nat",
            "nat_ip_allocate_option": "AUTO_ONLY",
            "nat_ips": [],
            "project": "iti-gcp-hossam",
            "region": "us-east1",
            "router": "iti-router",
            "rules": [],
            "source_subnetwork_ip_ranges_to_nat": "ALL_SUBNETWORKS_ALL_IP_RANGES",
            "subnetwork": [],
            "tcp_established_idle_timeout_sec": 1200,
            "tcp_time_wait_timeout_sec": 120,
            "tcp_transitory_idle_timeout_sec": 30,
            "timeouts": null,
            "udp_idle_timeout_sec": 30
          },
          "sensitive_attributes": [],
          "private": "eyJlMmJmYjczMC1lY2FhLTExZTYtOGY4OC0zNDM2M2JjN2M0YzAiOnsiY3JlYXRlIjoxMjAwMDAwMDAwMDAwLCJkZWxldGUiOjEyMDAwMDAwMDAwMDAsInVwZGF0ZSI6MTIwMDAwMDAwMDAwMH19",
          "dependencies": [
            "google_compute_network.iti-vpc",
            "google_compute_router.iti-router",
            "google_project_service.compute",
            "google_project_service.container"
          ]
        }
      ]
    },
    {
      "mode": "managed",
      "type": "google_compute_subnetwork",
      "name": "gke-subnet",
      "provider": "provider[\"registry.terraform.io/hashicorp/google\"]",
      "instances": [
        {
          "schema_version": 0,
          "attributes": {
            "creation_timestamp": "2023-06-11T18:43:04.597-07:00",
            "description": "",
            "external_ipv6_prefix": "",
            "fingerprint": null,
            "gateway_address": "10.0.0.1",
            "id": "projects/iti-gcp-hossam/regions/us-east1/subnetworks/gke-subnet",
            "ip_cidr_range": "10.0.0.0/18",
            "ipv6_access_type": "",
            "ipv6_cidr_range": "",
            "log_config": [],
            "name": "gke-subnet",
            "network": "https://www.googleapis.com/compute/v1/projects/iti-gcp-hossam/global/networks/iti-vpc",
            "private_ip_google_access": true,
            "private_ipv6_google_access": "DISABLE_GOOGLE_ACCESS",
            "project": "iti-gcp-hossam",
            "purpose": "PRIVATE",
            "region": "us-east1",
            "role": "",
            "secondary_ip_range": [
              {
                "ip_cidr_range": "10.48.0.0/14",
                "range_name": "pods"
              },
              {
                "ip_cidr_range": "10.52.0.0/20",
                "range_name": "services"
              }
            ],
            "self_link": "https://www.googleapis.com/compute/v1/projects/iti-gcp-hossam/regions/us-east1/subnetworks/gke-subnet",
            "stack_type": "IPV4_ONLY",
            "timeouts": null
          },
          "sensitive_attributes": [],
          "private": "eyJlMmJmYjczMC1lY2FhLTExZTYtOGY4OC0zNDM2M2JjN2M0YzAiOnsiY3JlYXRlIjoxMjAwMDAwMDAwMDAwLCJkZWxldGUiOjEyMDAwMDAwMDAwMDAsInVwZGF0ZSI6MTIwMDAwMDAwMDAwMH19",
          "dependencies": [
            "google_compute_network.iti-vpc",
            "google_project_service.compute",
            "google_project_service.container"
          ]
        }
      ]
    },
    {
      "mode": "managed",
      "type": "google_compute_subnetwork",
      "name": "iti-subnet",
      "provider": "provider[\"registry.terraform.io/hashicorp/google\"]",
      "instances": [
        {
          "schema_version": 0,
          "attributes": {
            "creation_timestamp": "2023-06-11T18:43:05.535-07:00",
            "description": "",
            "external_ipv6_prefix": "",
            "fingerprint": null,
            "gateway_address": "10.1.0.1",
            "id": "projects/iti-gcp-hossam/regions/us-east1/subnetworks/iti-subnet",
            "ip_cidr_range": "10.1.0.0/24",
            "ipv6_access_type": "",
            "ipv6_cidr_range": "",
            "log_config": [],
            "name": "iti-subnet",
            "network": "https://www.googleapis.com/compute/v1/projects/iti-gcp-hossam/global/networks/iti-vpc",
            "private_ip_google_access": true,
            "private_ipv6_google_access": "DISABLE_GOOGLE_ACCESS",
            "project": "iti-gcp-hossam",
            "purpose": "PRIVATE",
            "region": "us-east1",
            "role": "",
            "secondary_ip_range": [],
            "self_link": "https://www.googleapis.com/compute/v1/projects/iti-gcp-hossam/regions/us-east1/subnetworks/iti-subnet",
            "stack_type": "IPV4_ONLY",
            "timeouts": null
          },
          "sensitive_attributes": [],
          "private": "eyJlMmJmYjczMC1lY2FhLTExZTYtOGY4OC0zNDM2M2JjN2M0YzAiOnsiY3JlYXRlIjoxMjAwMDAwMDAwMDAwLCJkZWxldGUiOjEyMDAwMDAwMDAwMDAsInVwZGF0ZSI6MTIwMDAwMDAwMDAwMH19",
          "dependencies": [
            "google_compute_network.iti-vpc",
            "google_project_service.compute",
            "google_project_service.container"
          ]
        }
      ]
    },
    {
      "mode": "managed",
      "type": "google_container_cluster",
      "name": "iti-cluster",
      "provider": "provider[\"registry.terraform.io/hashicorp/google\"]",
      "instances": [
        {
          "schema_version": 1,
          "attributes": {
            "addons_config": [
              {
                "cloudrun_config": [],
                "config_connector_config": [],
                "dns_cache_config": [],
                "gce_persistent_disk_csi_driver_config": [
                  {
                    "enabled": true
                  }
                ],
                "gcp_filestore_csi_driver_config": [],
                "gke_backup_agent_config": [],
                "horizontal_pod_autoscaling": [],
                "http_load_balancing": [],
                "network_policy_config": [
                  {
                    "disabled": true
                  }
                ]
              }
            ],
            "authenticator_groups_config": [],
            "binary_authorization": [
              {
                "enabled": false,
                "evaluation_mode": ""
              }
            ],
            "cluster_autoscaling": [
              {
                "auto_provisioning_defaults": [],
                "enabled": false,
                "resource_limits": []
              }
            ],
            "cluster_ipv4_cidr": "10.200.0.0/14",
            "confidential_nodes": [],
            "cost_management_config": [],
            "database_encryption": [
              {
                "key_name": "",
                "state": "DECRYPTED"
              }
            ],
            "datapath_provider": "",
            "default_max_pods_per_node": 110,
            "default_snat_status": [
              {
                "disabled": false
              }
            ],
            "description": "",
            "dns_config": [],
            "enable_autopilot": false,
            "enable_binary_authorization": false,
            "enable_intranode_visibility": false,
            "enable_kubernetes_alpha": false,
            "enable_l4_ilb_subsetting": false,
            "enable_legacy_abac": false,
            "enable_shielded_nodes": true,
            "enable_tpu": false,
            "endpoint": "172.16.0.2",
            "gateway_api_config": [],
            "id": "projects/iti-gcp-hossam/locations/us-east1-b/clusters/iti-cluster",
            "initial_node_count": 1,
            "ip_allocation_policy": [
              {
                "cluster_ipv4_cidr_block": "10.200.0.0/14",
                "cluster_secondary_range_name": "gke-iti-cluster-pods-1c378d88",
                "pod_cidr_overprovision_config": [
                  {
                    "disabled": false
                  }
                ],
                "services_ipv4_cidr_block": "10.204.0.0/20",
                "services_secondary_range_name": "gke-iti-cluster-services-1c378d88",
                "stack_type": "IPV4"
              }
            ],
            "label_fingerprint": "a9dc16a7",
            "location": "us-east1-b",
            "logging_config": [
              {
                "enable_components": [
                  "SYSTEM_COMPONENTS",
                  "WORKLOADS"
                ]
              }
            ],
            "logging_service": "logging.googleapis.com/kubernetes",
            "maintenance_policy": [],
            "master_auth": [
              {
                "client_certificate": "",
                "client_certificate_config": [
                  {
                    "issue_client_certificate": false
                  }
                ],
                "client_key": "",
                "cluster_ca_certificate": "LS0tLS1CRUdJTiBDRVJUSUZJQ0FURS0tLS0tCk1JSUVMRENDQXBTZ0F3SUJBZ0lRT1ZzcDBkaVpyZjF3SHJjSGk1TkN5REFOQmdrcWhraUc5dzBCQVFzRkFEQXYKTVMwd0t3WURWUVFERXlRd00yVmhOVFU1WVMxbE9HWTBMVFJqWkRRdFlqSmpNUzB3WXpBek5EQm1PR1ZpTTJJdwpJQmNOTWpNd05qRXlNVE0xTkRNMVdoZ1BNakExTXpBMk1EUXhORFUwTXpWYU1DOHhMVEFyQmdOVkJBTVRKREF6ClpXRTFOVGxoTFdVNFpqUXROR05rTkMxaU1tTXhMVEJqTURNME1HWTRaV0l6WWpDQ0FhSXdEUVlKS29aSWh2Y04KQVFFQkJRQURnZ0dQQURDQ0FZb0NnZ0dCQUpoRHArcksrcTZyNlNNRVVuNGkvbnY5elV6M0N2bUdBd2thb2RBKwp1SzY3Rng1clF3MTNUR0NvNFNhM0tOZGJRME5HUm12bDFCdzJWQjJZVFNueE1CYTBwRDFJa1p0UGdKcUxIRDhNCkpGbldJK29uQUVJVjhRRmRUOHFrblVhb052VUxaVERsVWRkeFJmRVNpamxnNVpWVFJVWGFUN2tJRklMckRMYXoKemtic0Y4Ylg1SVVrRkRsTzRoL1EvV1I0MUpQQmxaT3cxWjJXNElIT1o5V25zWThYU3Fmc3dvb1hsWFZPSG0rMQp5cUxYTWUwNXdsR0NTSWQwM2k0N2gvL3lIQVE5ZGRmTU4rN2Q0ZDVTZVMyOXhielRNd1ZVZ1kzS2tNUktrT2dTCkVJMC9SQ3Z4WDFETk50R3VOWkFFQW1iQW1TZUFCZXRGbWJsSDVSeUJNK2JaNlVxNVMxWkZoUDJjU09qYm5FR1EKRTdrRGlDekZmY2o4b1AraldzcVN1MC95RzRRbS9sU3RJcWVJRVR5eVQ0ak5Rc2dsN3VrL0FpbVpaUjk4Tk5XZwpQeXpQdGYvQ21uN0NkMndrMFRGSmhuN0wzaDlhT25IR1NtYVdHYXd1dndGQ3hhWTNQN1Vzdm5Dc0JyenliODJ5CjFrUGNsdzdJRTRONElhSW5aUzdFRjhSTjBRSURBUUFCbzBJd1FEQU9CZ05WSFE4QkFmOEVCQU1DQWdRd0R3WUQKVlIwVEFRSC9CQVV3QXdFQi96QWRCZ05WSFE0RUZnUVVXSlpYUmxLY2VIcUdGdFZsQ0RtbllGNDNQQWN3RFFZSgpLb1pJaHZjTkFRRUxCUUFEZ2dHQkFKRHhGVkNIdXM3Y0srR24xMVZFRDNudCs1Sk9kMVV4SFlNOWFPZkNhUEphCkRpMDR0KzgvZitmTTA4MElXV04xWWlIL1V3d2ZQOVpFOFl5T3VZZ28rM01BNC9mblJCNjhzSFJncVBZUEhpcm0KeTA5RzFRdnp6QVBvcGZyWDRSaEEvYSswcVhtbnFtNFZOMnJYQWdkeUxVWG9Bd2lQMDdXWDdjdkdIMnRZVG1wbwp2L1Vac3E0ZHJ1SHNwYXB3Y2JIUFl6MzVDRURJYmpjdHV6OXdJektyeUtzWVJaOUJNN2J6Z0hKYWlOa0tmUzBFClJkUkwvNTBHSTcwVC8vWDYzVEtja1FhN2RQbi9UUkMzMXNOdm5FdjV4TWVYZXluaURZelhieDhSQ3JUcnhTbi8KdTMvM3pzSnllRHI2RU13OHdXUzkrVlh2R3ArbkRHVXNEV1crbVBYVWkyblE0TURSQ0JCMlhHRXpMUFFuSHhONgpMMTVaQXZwcDNGNzdtM20wRktHRmd1L0RxckJpNXNXdzdGN09lZmhWc1dGNnp0TWFWTTZBS1p6ak5lU3IyRkhaCjA3WmtHb0Z3eld2VWtTc1BzODcwY2J6VXkxSkVML2dyS01VR3VNblVLNDRweWMyK3FnN3JGdGtXTXpNdWlVVDYKV1VOWkFXZmlHbElISG9CRk1Hamw2UT09Ci0tLS0tRU5EIENFUlRJRklDQVRFLS0tLS0K"
              }
            ],
            "master_authorized_networks_config": [
              {
                "cidr_blocks": [
                  {
                    "cidr_block": "10.1.0.0/24",
                    "display_name": "iti-subnet_Managment"
                  }
                ],
                "gcp_public_cidrs_access_enabled": false
              }
            ],
            "master_version": "1.25.8-gke.500",
            "mesh_certificates": [],
            "min_master_version": null,
            "monitoring_config": [
              {
                "enable_components": [
                  "SYSTEM_COMPONENTS"
                ],
                "managed_prometheus": []
              }
            ],
            "monitoring_service": "monitoring.googleapis.com/kubernetes",
            "name": "iti-cluster",
            "network": "projects/iti-gcp-hossam/global/networks/iti-vpc",
            "network_policy": [
              {
                "enabled": false,
                "provider": "PROVIDER_UNSPECIFIED"
              }
            ],
            "networking_mode": "VPC_NATIVE",
            "node_config": [],
            "node_locations": [],
            "node_pool": [],
            "node_pool_defaults": [
              {
                "node_config_defaults": [
                  {
                    "logging_variant": "DEFAULT"
                  }
                ]
              }
            ],
            "node_version": "1.25.8-gke.500",
            "notification_config": [
              {
                "pubsub": [
                  {
                    "enabled": false,
                    "filter": [],
                    "topic": ""
                  }
                ]
              }
            ],
            "operation": null,
            "private_cluster_config": [
              {
                "enable_private_endpoint": true,
                "enable_private_nodes": true,
                "master_global_access_config": [
                  {
                    "enabled": false
                  }
                ],
                "master_ipv4_cidr_block": "172.16.0.0/28",
                "peering_name": "gke-ne61336499fa32b499fe-0dc4-bc76-peer",
                "private_endpoint": "172.16.0.2",
                "private_endpoint_subnetwork": "",
                "public_endpoint": "34.148.48.127"
              }
            ],
            "private_ipv6_google_access": "",
            "project": "iti-gcp-hossam",
            "release_channel": [
              {
                "channel": "REGULAR"
              }
            ],
            "remove_default_node_pool": true,
            "resource_labels": null,
            "resource_usage_export_config": [],
            "self_link": "https://container.googleapis.com/v1/projects/iti-gcp-hossam/zones/us-east1-b/clusters/iti-cluster",
            "service_external_ips_config": [
              {
                "enabled": false
              }
            ],
            "services_ipv4_cidr": "10.204.0.0/20",
            "subnetwork": "projects/iti-gcp-hossam/regions/us-east1/subnetworks/gke-subnet",
            "timeouts": null,
            "tpu_ipv4_cidr_block": "",
            "vertical_pod_autoscaling": [],
            "workload_identity_config": []
          },
          "sensitive_attributes": [],
          "private": "eyJlMmJmYjczMC1lY2FhLTExZTYtOGY4OC0zNDM2M2JjN2M0YzAiOnsiY3JlYXRlIjoyNDAwMDAwMDAwMDAwLCJkZWxldGUiOjI0MDAwMDAwMDAwMDAsInJlYWQiOjI0MDAwMDAwMDAwMDAsInVwZGF0ZSI6MzYwMDAwMDAwMDAwMH0sInNjaGVtYV92ZXJzaW9uIjoiMSJ9",
          "dependencies": [
            "google_compute_network.iti-vpc",
            "google_compute_subnetwork.gke-subnet"
          ]
        }
      ]
    },
    {
      "mode": "managed",
      "type": "google_container_node_pool",
      "name": "general-pool",
      "provider": "provider[\"registry.terraform.io/hashicorp/google\"]",
      "instances": [
        {
          "schema_version": 1,
          "attributes": {
            "autoscaling": [],
            "cluster": "projects/iti-gcp-hossam/locations/us-east1-b/clusters/iti-cluster",
            "id": "projects/iti-gcp-hossam/locations/us-east1-b/clusters/iti-cluster/nodePools/general",
            "initial_node_count": 1,
            "instance_group_urls": [
              "https://www.googleapis.com/compute/v1/projects/iti-gcp-hossam/zones/us-east1-b/instanceGroupManagers/gke-iti-cluster-general-a36a82a1-grp"
            ],
            "location": "us-east1-b",
            "managed_instance_group_urls": [
              "https://www.googleapis.com/compute/v1/projects/iti-gcp-hossam/zones/us-east1-b/instanceGroups/gke-iti-cluster-general-a36a82a1-grp"
            ],
            "management": [
              {
                "auto_repair": true,
                "auto_upgrade": true
              }
            ],
            "max_pods_per_node": 110,
            "name": "general",
            "name_prefix": "",
            "network_config": [
              {
                "create_pod_range": false,
                "enable_private_nodes": false,
                "pod_cidr_overprovision_config": [],
                "pod_ipv4_cidr_block": "10.200.0.0/14",
                "pod_range": "gke-iti-cluster-pods-1c378d88"
              }
            ],
            "node_config": [
              {
                "advanced_machine_features": [],
                "boot_disk_kms_key": "",
                "disk_size_gb": 100,
                "disk_type": "pd-balanced",
                "ephemeral_storage_local_ssd_config": [],
                "gcfs_config": [],
                "guest_accelerator": [],
                "gvnic": [],
                "image_type": "COS_CONTAINERD",
                "kubelet_config": [],
                "labels": {
                  "role": "general"
                },
                "linux_node_config": [],
                "local_nvme_ssd_block_config": [],
                "local_ssd_count": 0,
                "logging_variant": "DEFAULT",
                "machine_type": "e2-medium",
                "metadata": {
                  "disable-legacy-endpoints": "true"
                },
                "min_cpu_platform": "",
                "node_group": "",
                "oauth_scopes": [
                  "https://www.googleapis.com/auth/cloud-platform"
                ],
                "preemptible": true,
                "reservation_affinity": [],
                "resource_labels": null,
                "service_account": "k8s-sa@iti-gcp-hossam.iam.gserviceaccount.com",
                "shielded_instance_config": [
                  {
                    "enable_integrity_monitoring": true,
                    "enable_secure_boot": false
                  }
                ],
                "spot": false,
                "tags": null,
                "taint": [],
                "workload_metadata_config": []
              }
            ],
            "node_count": 1,
            "node_locations": [
              "us-east1-b"
            ],
            "operation": null,
            "placement_policy": [],
            "project": "iti-gcp-hossam",
            "timeouts": null,
            "upgrade_settings": [
              {
                "blue_green_settings": [],
                "max_surge": 1,
                "max_unavailable": 0,
                "strategy": "SURGE"
              }
            ],
            "version": "1.25.8-gke.500"
          },
          "sensitive_attributes": [],
          "private": "eyJlMmJmYjczMC1lY2FhLTExZTYtOGY4OC0zNDM2M2JjN2M0YzAiOnsiY3JlYXRlIjoxODAwMDAwMDAwMDAwLCJkZWxldGUiOjE4MDAwMDAwMDAwMDAsInVwZGF0ZSI6MTgwMDAwMDAwMDAwMH0sInNjaGVtYV92ZXJzaW9uIjoiMSJ9",
          "dependencies": [
            "google_compute_network.iti-vpc",
            "google_compute_subnetwork.gke-subnet",
            "google_container_cluster.iti-cluster",
            "google_service_account.k8s-sa"
          ]
        }
      ]
    },
    {
      "mode": "managed",
      "type": "google_project_iam_member",
      "name": "k8s-roles",
      "provider": "provider[\"registry.terraform.io/hashicorp/google\"]",
      "instances": [
        {
          "schema_version": 0,
          "attributes": {
            "condition": [],
            "etag": "BwX95NYKgPk=",
            "id": "iti-gcp-hossam/roles/storage.objectViewer/serviceAccount:k8s-sa@iti-gcp-hossam.iam.gserviceaccount.com",
            "member": "serviceAccount:k8s-sa@iti-gcp-hossam.iam.gserviceaccount.com",
            "project": "iti-gcp-hossam",
            "role": "roles/storage.objectViewer"
          },
          "sensitive_attributes": [],
          "private": "bnVsbA==",
          "dependencies": [
            "google_service_account.k8s-sa"
          ]
        }
      ]
    },
    {
      "mode": "managed",
      "type": "google_project_service",
      "name": "compute",
      "provider": "provider[\"registry.terraform.io/hashicorp/google\"]",
      "instances": [
        {
          "schema_version": 0,
          "attributes": {
            "disable_dependent_services": null,
            "disable_on_destroy": true,
            "id": "iti-gcp-hossam/compute.googleapis.com",
            "project": "iti-gcp-hossam",
            "service": "compute.googleapis.com",
            "timeouts": null
          },
          "sensitive_attributes": [],
          "private": "eyJlMmJmYjczMC1lY2FhLTExZTYtOGY4OC0zNDM2M2JjN2M0YzAiOnsiY3JlYXRlIjoxMjAwMDAwMDAwMDAwLCJkZWxldGUiOjEyMDAwMDAwMDAwMDAsInJlYWQiOjYwMDAwMDAwMDAwMCwidXBkYXRlIjoxMjAwMDAwMDAwMDAwfX0="
        }
      ]
    },
    {
      "mode": "managed",
      "type": "google_project_service",
      "name": "container",
      "provider": "provider[\"registry.terraform.io/hashicorp/google\"]",
      "instances": [
        {
          "schema_version": 0,
          "attributes": {
            "disable_dependent_services": null,
            "disable_on_destroy": true,
            "id": "iti-gcp-hossam/container.googleapis.com",
            "project": "iti-gcp-hossam",
            "service": "container.googleapis.com",
            "timeouts": null
          },
          "sensitive_attributes": [],
          "private": "eyJlMmJmYjczMC1lY2FhLTExZTYtOGY4OC0zNDM2M2JjN2M0YzAiOnsiY3JlYXRlIjoxMjAwMDAwMDAwMDAwLCJkZWxldGUiOjEyMDAwMDAwMDAwMDAsInJlYWQiOjYwMDAwMDAwMDAwMCwidXBkYXRlIjoxMjAwMDAwMDAwMDAwfX0="
        }
      ]
    },
    {
      "mode": "managed",
      "type": "google_service_account",
      "name": "k8s-sa",
      "provider": "provider[\"registry.terraform.io/hashicorp/google\"]",
      "instances": [
        {
          "schema_version": 0,
          "attributes": {
            "account_id": "k8s-sa",
            "description": "",
            "disabled": false,
            "display_name": "",
            "email": "k8s-sa@iti-gcp-hossam.iam.gserviceaccount.com",
            "id": "projects/iti-gcp-hossam/serviceAccounts/k8s-sa@iti-gcp-hossam.iam.gserviceaccount.com",
            "member": "serviceAccount:k8s-sa@iti-gcp-hossam.iam.gserviceaccount.com",
            "name": "projects/iti-gcp-hossam/serviceAccounts/k8s-sa@iti-gcp-hossam.iam.gserviceaccount.com",
            "project": "iti-gcp-hossam",
            "timeouts": null,
            "unique_id": "110108100305967536289"
          },
          "sensitive_attributes": [],
          "private": "eyJlMmJmYjczMC1lY2FhLTExZTYtOGY4OC0zNDM2M2JjN2M0YzAiOnsiY3JlYXRlIjozMDAwMDAwMDAwMDB9fQ=="
        }
      ]
    },
    {
      "mode": "managed",
      "type": "google_storage_bucket",
      "name": "cicd-bucket-hossam",
      "provider": "provider[\"registry.terraform.io/hashicorp/google\"]",
      "instances": [
        {
          "schema_version": 0,
          "attributes": {
            "autoclass": [],
            "cors": [],
            "custom_placement_config": [],
            "default_event_based_hold": false,
            "encryption": [],
            "force_destroy": true,
            "id": "cicd-bucket-hossam",
            "labels": {},
            "lifecycle_rule": [],
            "location": "US-EAST1",
            "logging": [],
            "name": "cicd-bucket-hossam",
            "project": "iti-gcp-hossam",
            "public_access_prevention": "inherited",
            "requester_pays": false,
            "retention_policy": [],
            "self_link": "https://www.googleapis.com/storage/v1/b/cicd-bucket-hossam",
            "storage_class": "STANDARD",
            "timeouts": null,
            "uniform_bucket_level_access": false,
            "url": "gs://cicd-bucket-hossam",
            "versioning": [],
            "website": []
          },
          "sensitive_attributes": [],
          "private": "eyJlMmJmYjczMC1lY2FhLTExZTYtOGY4OC0zNDM2M2JjN2M0YzAiOnsiY3JlYXRlIjo2MDAwMDAwMDAwMDAsInJlYWQiOjI0MDAwMDAwMDAwMCwidXBkYXRlIjoyNDAwMDAwMDAwMDB9fQ=="
        }
      ]
    },
    {
      "mode": "managed",
      "type": "google_storage_bucket_iam_binding",
      "name": "bucket_viewer",
      "provider": "provider[\"registry.terraform.io/hashicorp/google\"]",
      "instances": [
        {
          "schema_version": 0,
          "attributes": {
            "bucket": "b/cicd-bucket-hossam",
            "condition": [],
            "etag": "CAI=",
            "id": "b/cicd-bucket-hossam/roles/storage.objectViewer",
            "members": [
              "allUsers",
              "serviceAccount:k8s-sa@iti-gcp-hossam.iam.gserviceaccount.com"
            ],
            "role": "roles/storage.objectViewer"
          },
          "sensitive_attributes": [],
          "private": "bnVsbA==",
          "dependencies": [
            "google_service_account.k8s-sa",
            "google_storage_bucket.cicd-bucket-hossam"
          ]
        }
      ]
    },
    {
      "mode": "managed",
      "type": "google_storage_bucket_object",
      "name": "upload-files",
      "provider": "provider[\"registry.terraform.io/hashicorp/google\"]",
      "instances": [
        {
          "index_key": "app-NS.yml",
          "schema_version": 0,
          "attributes": {
            "bucket": "cicd-bucket-hossam",
            "cache_control": "",
            "content": null,
            "content_disposition": "",
            "content_encoding": "",
            "content_language": "",
            "content_type": "text/plain",
            "crc32c": "wTAnqw==",
            "customer_encryption": [],
            "detect_md5hash": "iRPsIafXTYBiznE1o02M8g==",
            "event_based_hold": false,
            "id": "cicd-bucket-hossam-app-NS.yml",
            "kms_key_name": "",
            "md5hash": "iRPsIafXTYBiznE1o02M8g==",
            "media_link": "https://storage.googleapis.com/download/storage/v1/b/cicd-bucket-hossam/o/app-NS.yml?generation=1686534164512075\u0026alt=media",
            "metadata": {},
            "name": "app-NS.yml",
            "output_name": "app-NS.yml",
            "self_link": "https://www.googleapis.com/storage/v1/b/cicd-bucket-hossam/o/app-NS.yml",
            "source": "../deployments/app-NS.yml",
            "storage_class": "STANDARD",
            "temporary_hold": false,
            "timeouts": null
          },
          "sensitive_attributes": [],
          "private": "eyJlMmJmYjczMC1lY2FhLTExZTYtOGY4OC0zNDM2M2JjN2M0YzAiOnsiY3JlYXRlIjoyNDAwMDAwMDAwMDAsImRlbGV0ZSI6MjQwMDAwMDAwMDAwLCJ1cGRhdGUiOjI0MDAwMDAwMDAwMH19",
          "dependencies": [
            "google_storage_bucket.cicd-bucket-hossam"
          ]
        },
        {
          "index_key": "jenkins-NS.yml",
          "schema_version": 0,
          "attributes": {
            "bucket": "cicd-bucket-hossam",
            "cache_control": "",
            "content": null,
            "content_disposition": "",
            "content_encoding": "",
            "content_language": "",
            "content_type": "text/plain",
            "crc32c": "0NuuUg==",
            "customer_encryption": [],
            "detect_md5hash": "SgKgVOebU39PvflpPINikg==",
            "event_based_hold": false,
            "id": "cicd-bucket-hossam-jenkins-NS.yml",
            "kms_key_name": "",
            "md5hash": "SgKgVOebU39PvflpPINikg==",
            "media_link": "https://storage.googleapis.com/download/storage/v1/b/cicd-bucket-hossam/o/jenkins-NS.yml?generation=1686534164513889\u0026alt=media",
            "metadata": {},
            "name": "jenkins-NS.yml",
            "output_name": "jenkins-NS.yml",
            "self_link": "https://www.googleapis.com/storage/v1/b/cicd-bucket-hossam/o/jenkins-NS.yml",
            "source": "../deployments/jenkins-NS.yml",
            "storage_class": "STANDARD",
            "temporary_hold": false,
            "timeouts": null
          },
          "sensitive_attributes": [],
          "private": "eyJlMmJmYjczMC1lY2FhLTExZTYtOGY4OC0zNDM2M2JjN2M0YzAiOnsiY3JlYXRlIjoyNDAwMDAwMDAwMDAsImRlbGV0ZSI6MjQwMDAwMDAwMDAwLCJ1cGRhdGUiOjI0MDAwMDAwMDAwMH19",
          "dependencies": [
            "google_storage_bucket.cicd-bucket-hossam"
          ]
        },
        {
          "index_key": "jenkins-deployment.yml",
          "schema_version": 0,
          "attributes": {
            "bucket": "cicd-bucket-hossam",
            "cache_control": "",
            "content": null,
            "content_disposition": "",
            "content_encoding": "",
            "content_language": "",
            "content_type": "text/plain",
            "crc32c": "18h2JQ==",
            "customer_encryption": [],
            "detect_md5hash": "Fm6YUQ9tYOoD4kwyvj+1mQ==",
            "event_based_hold": false,
            "id": "cicd-bucket-hossam-jenkins-deployment.yml",
            "kms_key_name": "",
            "md5hash": "Fm6YUQ9tYOoD4kwyvj+1mQ==",
            "media_link": "https://storage.googleapis.com/download/storage/v1/b/cicd-bucket-hossam/o/jenkins-deployment.yml?generation=1686581675190964\u0026alt=media",
            "metadata": null,
            "name": "jenkins-deployment.yml",
            "output_name": "jenkins-deployment.yml",
            "self_link": "https://www.googleapis.com/storage/v1/b/cicd-bucket-hossam/o/jenkins-deployment.yml",
            "source": "../deployments/jenkins-deployment.yml",
            "storage_class": "STANDARD",
            "temporary_hold": false,
            "timeouts": null
          },
          "sensitive_attributes": [],
          "private": "eyJlMmJmYjczMC1lY2FhLTExZTYtOGY4OC0zNDM2M2JjN2M0YzAiOnsiY3JlYXRlIjoyNDAwMDAwMDAwMDAsImRlbGV0ZSI6MjQwMDAwMDAwMDAwLCJ1cGRhdGUiOjI0MDAwMDAwMDAwMH19",
          "dependencies": [
            "google_storage_bucket.cicd-bucket-hossam"
          ]
        },
        {
          "index_key": "jenkins-service.yml",
          "schema_version": 0,
          "attributes": {
            "bucket": "cicd-bucket-hossam",
            "cache_control": "",
            "content": null,
            "content_disposition": "",
            "content_encoding": "",
            "content_language": "",
            "content_type": "text/plain",
            "crc32c": "0AGFqg==",
            "customer_encryption": [],
            "detect_md5hash": "FzVCez4nkqmAvZHKDXRfgg==",
            "event_based_hold": false,
            "id": "cicd-bucket-hossam-jenkins-service.yml",
            "kms_key_name": "",
            "md5hash": "FzVCez4nkqmAvZHKDXRfgg==",
            "media_link": "https://storage.googleapis.com/download/storage/v1/b/cicd-bucket-hossam/o/jenkins-service.yml?generation=1686534164513721\u0026alt=media",
            "metadata": {},
            "name": "jenkins-service.yml",
            "output_name": "jenkins-service.yml",
            "self_link": "https://www.googleapis.com/storage/v1/b/cicd-bucket-hossam/o/jenkins-service.yml",
            "source": "../deployments/jenkins-service.yml",
            "storage_class": "STANDARD",
            "temporary_hold": false,
            "timeouts": null
          },
          "sensitive_attributes": [],
          "private": "eyJlMmJmYjczMC1lY2FhLTExZTYtOGY4OC0zNDM2M2JjN2M0YzAiOnsiY3JlYXRlIjoyNDAwMDAwMDAwMDAsImRlbGV0ZSI6MjQwMDAwMDAwMDAwLCJ1cGRhdGUiOjI0MDAwMDAwMDAwMH19",
          "dependencies": [
            "google_storage_bucket.cicd-bucket-hossam"
          ]
        },
        {
          "index_key": "jenkins-servise-account.yml",
          "schema_version": 0,
          "attributes": {
            "bucket": "cicd-bucket-hossam",
            "cache_control": "",
            "content": null,
            "content_disposition": "",
            "content_encoding": "",
            "content_language": "",
            "content_type": "text/plain",
            "crc32c": "PFD9Zg==",
            "customer_encryption": [],
            "detect_md5hash": "oM0uKlDlaxhC4KI5OxFKxA==",
            "event_based_hold": false,
            "id": "cicd-bucket-hossam-jenkins-servise-account.yml",
            "kms_key_name": "",
            "md5hash": "oM0uKlDlaxhC4KI5OxFKxA==",
            "media_link": "https://storage.googleapis.com/download/storage/v1/b/cicd-bucket-hossam/o/jenkins-servise-account.yml?generation=1686534164515068\u0026alt=media",
            "metadata": {},
            "name": "jenkins-servise-account.yml",
            "output_name": "jenkins-servise-account.yml",
            "self_link": "https://www.googleapis.com/storage/v1/b/cicd-bucket-hossam/o/jenkins-servise-account.yml",
            "source": "../deployments/jenkins-servise-account.yml",
            "storage_class": "STANDARD",
            "temporary_hold": false,
            "timeouts": null
          },
          "sensitive_attributes": [],
          "private": "eyJlMmJmYjczMC1lY2FhLTExZTYtOGY4OC0zNDM2M2JjN2M0YzAiOnsiY3JlYXRlIjoyNDAwMDAwMDAwMDAsImRlbGV0ZSI6MjQwMDAwMDAwMDAwLCJ1cGRhdGUiOjI0MDAwMDAwMDAwMH19",
          "dependencies": [
            "google_storage_bucket.cicd-bucket-hossam"
          ]
        },
        {
          "index_key": "jenkins-volume.yml",
          "schema_version": 0,
          "attributes": {
            "bucket": "cicd-bucket-hossam",
            "cache_control": "",
            "content": null,
            "content_disposition": "",
            "content_encoding": "",
            "content_language": "",
            "content_type": "text/plain",
            "crc32c": "Pq9woA==",
            "customer_encryption": [],
            "detect_md5hash": "5PnnHUIP401gDQXvdTErcg==",
            "event_based_hold": false,
            "id": "cicd-bucket-hossam-jenkins-volume.yml",
            "kms_key_name": "",
            "md5hash": "5PnnHUIP401gDQXvdTErcg==",
            "media_link": "https://storage.googleapis.com/download/storage/v1/b/cicd-bucket-hossam/o/jenkins-volume.yml?generation=1686534164511529\u0026alt=media",
            "metadata": {},
            "name": "jenkins-volume.yml",
            "output_name": "jenkins-volume.yml",
            "self_link": "https://www.googleapis.com/storage/v1/b/cicd-bucket-hossam/o/jenkins-volume.yml",
            "source": "../deployments/jenkins-volume.yml",
            "storage_class": "STANDARD",
            "temporary_hold": false,
            "timeouts": null
          },
          "sensitive_attributes": [],
          "private": "eyJlMmJmYjczMC1lY2FhLTExZTYtOGY4OC0zNDM2M2JjN2M0YzAiOnsiY3JlYXRlIjoyNDAwMDAwMDAwMDAsImRlbGV0ZSI6MjQwMDAwMDAwMDAwLCJ1cGRhdGUiOjI0MDAwMDAwMDAwMH19",
          "dependencies": [
            "google_storage_bucket.cicd-bucket-hossam"
          ]
        },
        {
          "index_key": "slave-deployment.yml",
          "schema_version": 0,
          "attributes": {
            "bucket": "cicd-bucket-hossam",
            "cache_control": "",
            "content": null,
            "content_disposition": "",
            "content_encoding": "",
            "content_language": "",
            "content_type": "text/plain",
            "crc32c": "uSKBeQ==",
            "customer_encryption": [],
            "detect_md5hash": "99JCI9x/o5QlEpOJ5o1o/w==",
            "event_based_hold": false,
            "id": "cicd-bucket-hossam-slave-deployment.yml",
            "kms_key_name": "",
            "md5hash": "99JCI9x/o5QlEpOJ5o1o/w==",
            "media_link": "https://storage.googleapis.com/download/storage/v1/b/cicd-bucket-hossam/o/slave-deployment.yml?generation=1686534164514237\u0026alt=media",
            "metadata": {},
            "name": "slave-deployment.yml",
            "output_name": "slave-deployment.yml",
            "self_link": "https://www.googleapis.com/storage/v1/b/cicd-bucket-hossam/o/slave-deployment.yml",
            "source": "../deployments/slave-deployment.yml",
            "storage_class": "STANDARD",
            "temporary_hold": false,
            "timeouts": null
          },
          "sensitive_attributes": [],
          "private": "eyJlMmJmYjczMC1lY2FhLTExZTYtOGY4OC0zNDM2M2JjN2M0YzAiOnsiY3JlYXRlIjoyNDAwMDAwMDAwMDAsImRlbGV0ZSI6MjQwMDAwMDAwMDAwLCJ1cGRhdGUiOjI0MDAwMDAwMDAwMH19",
          "dependencies": [
            "google_storage_bucket.cicd-bucket-hossam"
          ]
        },
        {
          "index_key": "slave-service.yml",
          "schema_version": 0,
          "attributes": {
            "bucket": "cicd-bucket-hossam",
            "cache_control": "",
            "content": null,
            "content_disposition": "",
            "content_encoding": "",
            "content_language": "",
            "content_type": "text/plain",
            "crc32c": "KZvJ4w==",
            "customer_encryption": [],
            "detect_md5hash": "t0E4MD+ltSa81JsNJ3TxKQ==",
            "event_based_hold": false,
            "id": "cicd-bucket-hossam-slave-service.yml",
            "kms_key_name": "",
            "md5hash": "t0E4MD+ltSa81JsNJ3TxKQ==",
            "media_link": "https://storage.googleapis.com/download/storage/v1/b/cicd-bucket-hossam/o/slave-service.yml?generation=1686534164013750\u0026alt=media",
            "metadata": {},
            "name": "slave-service.yml",
            "output_name": "slave-service.yml",
            "self_link": "https://www.googleapis.com/storage/v1/b/cicd-bucket-hossam/o/slave-service.yml",
            "source": "../deployments/slave-service.yml",
            "storage_class": "STANDARD",
            "temporary_hold": false,
            "timeouts": null
          },
          "sensitive_attributes": [],
          "private": "eyJlMmJmYjczMC1lY2FhLTExZTYtOGY4OC0zNDM2M2JjN2M0YzAiOnsiY3JlYXRlIjoyNDAwMDAwMDAwMDAsImRlbGV0ZSI6MjQwMDAwMDAwMDAwLCJ1cGRhdGUiOjI0MDAwMDAwMDAwMH19",
          "dependencies": [
            "google_storage_bucket.cicd-bucket-hossam"
          ]
        }
      ]
    }
  ],
  "check_results": null
}
